
Microsoft Visual Studio Solution File, Format Version 12.00
# Visual Studio Version 17
VisualStudioVersion = 17.8.34004.107
MinimumVisualStudioVersion = 10.0.40219.1
Project("{9A19103F-16F7-4668-BE54-9A1E7A4F7556}") = "Day-00-HelloWorld", "Day-00-HelloWorld\Day-00-HelloWorld.csproj", "{29C68FD9-8EBC-4A9F-9E44-FC1A39109514}"
EndProject
Project("{9A19103F-16F7-4668-BE54-9A1E7A4F7556}") = "Day-01-DataTypes", "Day-01-DataTypes\Day-01-DataTypes.csproj", "{C77D1D2A-5192-4AED-87D7-362B7ABC6031}"
EndProject
Project("{9A19103F-16F7-4668-BE54-9A1E7A4F7556}") = "Day-02-Operators", "Day-02-Operators\Day-02-Operators.csproj", "{4F728829-8F3A-45D5-AB65-51F20A53D668}"
EndProject
Project("{9A19103F-16F7-4668-BE54-9A1E7A4F7556}") = "Day-03-ConditionalStatements", "Day-03-ConditionalStatements\Day-03-ConditionalStatements.csproj", "{A4B84CF0-C895-4421-9901-F191A9E04537}"
EndProject
Project("{9A19103F-16F7-4668-BE54-9A1E7A4F7556}") = "Day-04-ClassVersusInstance", "Day-04-ClassVersusInstance\Day-04-ClassVersusInstance.csproj", "{3A26A24F-4B2A-45DF-B748-251B7EE1DA47}"
EndProject
Project("{9A19103F-16F7-4668-BE54-9A1E7A4F7556}") = "Day-05-Loops", "Day-05-Loops\Day-05-Loops.csproj", "{54EBA759-A66B-4E55-96A2-686C77E3941C}"
EndProject
Project("{9A19103F-16F7-4668-BE54-9A1E7A4F7556}") = "Day-06-Review", "Day-06-Review\Day-06-Review.csproj", "{06E42F22-58E7-4FC6-98F1-1B900F0E1247}"
EndProject
Project("{9A19103F-16F7-4668-BE54-9A1E7A4F7556}") = "Day-07-Arrays", "Day-07-Arrays\Day-07-Arrays.csproj", "{9D5816C9-2315-4047-8661-5D741517B2E2}"
EndProject
Project("{9A19103F-16F7-4668-BE54-9A1E7A4F7556}") = "Day-08-DictionariesMaps", "Day-08-DictionariesMaps\Day-08-DictionariesMaps.csproj", "{1ABDD25E-74A9-43E4-94DC-5E6236C4109B}"
EndProject
Project("{9A19103F-16F7-4668-BE54-9A1E7A4F7556}") = "Day-09-Recursion", "Day-09-Recursion\Day-09-Recursion.csproj", "{290BE154-B7B6-4305-A99B-251E1CF42BC8}"
EndProject
Project("{9A19103F-16F7-4668-BE54-9A1E7A4F7556}") = "Day-10-BinaryNumbers", "Day-10-BinaryNumbers\Day-10-BinaryNumbers.csproj", "{8352C412-C122-48F5-BFA2-A68B43B3E08A}"
EndProject
Project("{9A19103F-16F7-4668-BE54-9A1E7A4F7556}") = "Day-11-TwoDimensionalArrays", "Day-11-TwoDimensionalArrays\Day-11-TwoDimensionalArrays.csproj", "{48E1F7E9-249D-4F69-8E68-96612EDE5B39}"
EndProject
Project("{FAE04EC0-301F-11D3-BF4B-00C04F79EFBC}") = "Day-12-Inheritance", "Day-12-Inheritance\Day-12-Inheritance.csproj", "{E8C0D83C-2D90-4795-84C5-84819821EE3A}"
EndProject
Project("{FAE04EC0-301F-11D3-BF4B-00C04F79EFBC}") = "Day-13-AbstractClasses", "Day-13-AbstractClasses\Day-13-AbstractClasses.csproj", "{84B3748D-911C-483E-BC79-9E42E71D5F61}"
EndProject
Project("{FAE04EC0-301F-11D3-BF4B-00C04F79EFBC}") = "Day-14-Scope", "Day-14-Scope\Day-14-Scope.csproj", "{AC503189-DEBF-48D3-AC84-B67CBC52A57F}"
EndProject
Global
	GlobalSection(SolutionConfigurationPlatforms) = preSolution
		Debug|Any CPU = Debug|Any CPU
		Release|Any CPU = Release|Any CPU
	EndGlobalSection
	GlobalSection(ProjectConfigurationPlatforms) = postSolution
		{29C68FD9-8EBC-4A9F-9E44-FC1A39109514}.Debug|Any CPU.ActiveCfg = Debug|Any CPU
		{29C68FD9-8EBC-4A9F-9E44-FC1A39109514}.Debug|Any CPU.Build.0 = Debug|Any CPU
		{29C68FD9-8EBC-4A9F-9E44-FC1A39109514}.Release|Any CPU.ActiveCfg = Release|Any CPU
		{29C68FD9-8EBC-4A9F-9E44-FC1A39109514}.Release|Any CPU.Build.0 = Release|Any CPU
		{C77D1D2A-5192-4AED-87D7-362B7ABC6031}.Debug|Any CPU.ActiveCfg = Debug|Any CPU
		{C77D1D2A-5192-4AED-87D7-362B7ABC6031}.Debug|Any CPU.Build.0 = Debug|Any CPU
		{C77D1D2A-5192-4AED-87D7-362B7ABC6031}.Release|Any CPU.ActiveCfg = Release|Any CPU
		{C77D1D2A-5192-4AED-87D7-362B7ABC6031}.Release|Any CPU.Build.0 = Release|Any CPU
		{4F728829-8F3A-45D5-AB65-51F20A53D668}.Debug|Any CPU.ActiveCfg = Debug|Any CPU
		{4F728829-8F3A-45D5-AB65-51F20A53D668}.Debug|Any CPU.Build.0 = Debug|Any CPU
		{4F728829-8F3A-45D5-AB65-51F20A53D668}.Release|Any CPU.ActiveCfg = Release|Any CPU
		{4F728829-8F3A-45D5-AB65-51F20A53D668}.Release|Any CPU.Build.0 = Release|Any CPU
		{A4B84CF0-C895-4421-9901-F191A9E04537}.Debug|Any CPU.ActiveCfg = Debug|Any CPU
		{A4B84CF0-C895-4421-9901-F191A9E04537}.Debug|Any CPU.Build.0 = Debug|Any CPU
		{A4B84CF0-C895-4421-9901-F191A9E04537}.Release|Any CPU.ActiveCfg = Release|Any CPU
		{A4B84CF0-C895-4421-9901-F191A9E04537}.Release|Any CPU.Build.0 = Release|Any CPU
		{3A26A24F-4B2A-45DF-B748-251B7EE1DA47}.Debug|Any CPU.ActiveCfg = Debug|Any CPU
		{3A26A24F-4B2A-45DF-B748-251B7EE1DA47}.Debug|Any CPU.Build.0 = Debug|Any CPU
		{3A26A24F-4B2A-45DF-B748-251B7EE1DA47}.Release|Any CPU.ActiveCfg = Release|Any CPU
		{3A26A24F-4B2A-45DF-B748-251B7EE1DA47}.Release|Any CPU.Build.0 = Release|Any CPU
		{54EBA759-A66B-4E55-96A2-686C77E3941C}.Debug|Any CPU.ActiveCfg = Debug|Any CPU
		{54EBA759-A66B-4E55-96A2-686C77E3941C}.Debug|Any CPU.Build.0 = Debug|Any CPU
		{54EBA759-A66B-4E55-96A2-686C77E3941C}.Release|Any CPU.ActiveCfg = Release|Any CPU
		{54EBA759-A66B-4E55-96A2-686C77E3941C}.Release|Any CPU.Build.0 = Release|Any CPU
		{06E42F22-58E7-4FC6-98F1-1B900F0E1247}.Debug|Any CPU.ActiveCfg = Debug|Any CPU
		{06E42F22-58E7-4FC6-98F1-1B900F0E1247}.Debug|Any CPU.Build.0 = Debug|Any CPU
		{06E42F22-58E7-4FC6-98F1-1B900F0E1247}.Release|Any CPU.ActiveCfg = Release|Any CPU
		{06E42F22-58E7-4FC6-98F1-1B900F0E1247}.Release|Any CPU.Build.0 = Release|Any CPU
		{9D5816C9-2315-4047-8661-5D741517B2E2}.Debug|Any CPU.ActiveCfg = Debug|Any CPU
		{9D5816C9-2315-4047-8661-5D741517B2E2}.Debug|Any CPU.Build.0 = Debug|Any CPU
		{9D5816C9-2315-4047-8661-5D741517B2E2}.Release|Any CPU.ActiveCfg = Release|Any CPU
		{9D5816C9-2315-4047-8661-5D741517B2E2}.Release|Any CPU.Build.0 = Release|Any CPU
		{1ABDD25E-74A9-43E4-94DC-5E6236C4109B}.Debug|Any CPU.ActiveCfg = Debug|Any CPU
		{1ABDD25E-74A9-43E4-94DC-5E6236C4109B}.Debug|Any CPU.Build.0 = Debug|Any CPU
		{1ABDD25E-74A9-43E4-94DC-5E6236C4109B}.Release|Any CPU.ActiveCfg = Release|Any CPU
		{1ABDD25E-74A9-43E4-94DC-5E6236C4109B}.Release|Any CPU.Build.0 = Release|Any CPU
		{290BE154-B7B6-4305-A99B-251E1CF42BC8}.Debug|Any CPU.ActiveCfg = Debug|Any CPU
		{290BE154-B7B6-4305-A99B-251E1CF42BC8}.Debug|Any CPU.Build.0 = Debug|Any CPU
		{290BE154-B7B6-4305-A99B-251E1CF42BC8}.Release|Any CPU.ActiveCfg = Release|Any CPU
		{290BE154-B7B6-4305-A99B-251E1CF42BC8}.Release|Any CPU.Build.0 = Release|Any CPU
		{8352C412-C122-48F5-BFA2-A68B43B3E08A}.Debug|Any CPU.ActiveCfg = Debug|Any CPU
		{8352C412-C122-48F5-BFA2-A68B43B3E08A}.Debug|Any CPU.Build.0 = Debug|Any CPU
		{8352C412-C122-48F5-BFA2-A68B43B3E08A}.Release|Any CPU.ActiveCfg = Release|Any CPU
		{8352C412-C122-48F5-BFA2-A68B43B3E08A}.Release|Any CPU.Build.0 = Release|Any CPU
		{48E1F7E9-249D-4F69-8E68-96612EDE5B39}.Debug|Any CPU.ActiveCfg = Debug|Any CPU
		{48E1F7E9-249D-4F69-8E68-96612EDE5B39}.Debug|Any CPU.Build.0 = Debug|Any CPU
		{48E1F7E9-249D-4F69-8E68-96612EDE5B39}.Release|Any CPU.ActiveCfg = Release|Any CPU
		{48E1F7E9-249D-4F69-8E68-96612EDE5B39}.Release|Any CPU.Build.0 = Release|Any CPU
		{E8C0D83C-2D90-4795-84C5-84819821EE3A}.Debug|Any CPU.ActiveCfg = Debug|Any CPU
		{E8C0D83C-2D90-4795-84C5-84819821EE3A}.Debug|Any CPU.Build.0 = Debug|Any CPU
		{E8C0D83C-2D90-4795-84C5-84819821EE3A}.Release|Any CPU.ActiveCfg = Release|Any CPU
		{E8C0D83C-2D90-4795-84C5-84819821EE3A}.Release|Any CPU.Build.0 = Release|Any CPU
		{84B3748D-911C-483E-BC79-9E42E71D5F61}.Debug|Any CPU.ActiveCfg = Debug|Any CPU
		{84B3748D-911C-483E-BC79-9E42E71D5F61}.Debug|Any CPU.Build.0 = Debug|Any CPU
		{84B3748D-911C-483E-BC79-9E42E71D5F61}.Release|Any CPU.ActiveCfg = Release|Any CPU
		{84B3748D-911C-483E-BC79-9E42E71D5F61}.Release|Any CPU.Build.0 = Release|Any CPU
		{AC503189-DEBF-48D3-AC84-B67CBC52A57F}.Debug|Any CPU.ActiveCfg = Debug|Any CPU
		{AC503189-DEBF-48D3-AC84-B67CBC52A57F}.Debug|Any CPU.Build.0 = Debug|Any CPU
		{AC503189-DEBF-48D3-AC84-B67CBC52A57F}.Release|Any CPU.ActiveCfg = Release|Any CPU
		{AC503189-DEBF-48D3-AC84-B67CBC52A57F}.Release|Any CPU.Build.0 = Release|Any CPU
	EndGlobalSection
	GlobalSection(SolutionProperties) = preSolution
		HideSolutionNode = FALSE
	EndGlobalSection
	GlobalSection(ExtensibilityGlobals) = postSolution
		SolutionGuid = {681B8FE4-2FC3-4534-A1D4-89A253EB305B}
	EndGlobalSection
EndGlobal
