
Microsoft Visual Studio Solution File, Format Version 12.00
# Visual Studio Version 17
VisualStudioVersion = 17.8.34004.107
MinimumVisualStudioVersion = 10.0.40219.1
Project("{9A19103F-16F7-4668-BE54-9A1E7A4F7556}") = "Day-00-HelloWorld", "Day-00-HelloWorld\Day-00-HelloWorld.csproj", "{29C68FD9-8EBC-4A9F-9E44-FC1A39109514}"
EndProject
Project("{9A19103F-16F7-4668-BE54-9A1E7A4F7556}") = "Day-01-DataTypes", "Day-01-DataTypes\Day-01-DataTypes.csproj", "{C77D1D2A-5192-4AED-87D7-362B7ABC6031}"
EndProject
Project("{9A19103F-16F7-4668-BE54-9A1E7A4F7556}") = "Day-02-Operators", "Day-02-Operators\Day-02-Operators.csproj", "{4F728829-8F3A-45D5-AB65-51F20A53D668}"
EndProject
Project("{9A19103F-16F7-4668-BE54-9A1E7A4F7556}") = "Day-03-ConditionalStatements", "Day-03-ConditionalStatements\Day-03-ConditionalStatements.csproj", "{A4B84CF0-C895-4421-9901-F191A9E04537}"
EndProject
Project("{9A19103F-16F7-4668-BE54-9A1E7A4F7556}") = "Day-04-ClassVersusInstance", "Day-04-ClassVersusInstance\Day-04-ClassVersusInstance.csproj", "{3A26A24F-4B2A-45DF-B748-251B7EE1DA47}"
EndProject
Project("{FAE04EC0-301F-11D3-BF4B-00C04F79EFBC}") = "Day-05-Loops", "Day-05-Loops\Day-05-Loops.csproj", "{54EBA759-A66B-4E55-96A2-686C77E3941C}"
EndProject
Global
	GlobalSection(SolutionConfigurationPlatforms) = preSolution
		Debug|Any CPU = Debug|Any CPU
		Release|Any CPU = Release|Any CPU
	EndGlobalSection
	GlobalSection(ProjectConfigurationPlatforms) = postSolution
		{29C68FD9-8EBC-4A9F-9E44-FC1A39109514}.Debug|Any CPU.ActiveCfg = Debug|Any CPU
		{29C68FD9-8EBC-4A9F-9E44-FC1A39109514}.Debug|Any CPU.Build.0 = Debug|Any CPU
		{29C68FD9-8EBC-4A9F-9E44-FC1A39109514}.Release|Any CPU.ActiveCfg = Release|Any CPU
		{29C68FD9-8EBC-4A9F-9E44-FC1A39109514}.Release|Any CPU.Build.0 = Release|Any CPU
		{C77D1D2A-5192-4AED-87D7-362B7ABC6031}.Debug|Any CPU.ActiveCfg = Debug|Any CPU
		{C77D1D2A-5192-4AED-87D7-362B7ABC6031}.Debug|Any CPU.Build.0 = Debug|Any CPU
		{C77D1D2A-5192-4AED-87D7-362B7ABC6031}.Release|Any CPU.ActiveCfg = Release|Any CPU
		{C77D1D2A-5192-4AED-87D7-362B7ABC6031}.Release|Any CPU.Build.0 = Release|Any CPU
		{4F728829-8F3A-45D5-AB65-51F20A53D668}.Debug|Any CPU.ActiveCfg = Debug|Any CPU
		{4F728829-8F3A-45D5-AB65-51F20A53D668}.Debug|Any CPU.Build.0 = Debug|Any CPU
		{4F728829-8F3A-45D5-AB65-51F20A53D668}.Release|Any CPU.ActiveCfg = Release|Any CPU
		{4F728829-8F3A-45D5-AB65-51F20A53D668}.Release|Any CPU.Build.0 = Release|Any CPU
		{A4B84CF0-C895-4421-9901-F191A9E04537}.Debug|Any CPU.ActiveCfg = Debug|Any CPU
		{A4B84CF0-C895-4421-9901-F191A9E04537}.Debug|Any CPU.Build.0 = Debug|Any CPU
		{A4B84CF0-C895-4421-9901-F191A9E04537}.Release|Any CPU.ActiveCfg = Release|Any CPU
		{A4B84CF0-C895-4421-9901-F191A9E04537}.Release|Any CPU.Build.0 = Release|Any CPU
		{3A26A24F-4B2A-45DF-B748-251B7EE1DA47}.Debug|Any CPU.ActiveCfg = Debug|Any CPU
		{3A26A24F-4B2A-45DF-B748-251B7EE1DA47}.Debug|Any CPU.Build.0 = Debug|Any CPU
		{3A26A24F-4B2A-45DF-B748-251B7EE1DA47}.Release|Any CPU.ActiveCfg = Release|Any CPU
		{3A26A24F-4B2A-45DF-B748-251B7EE1DA47}.Release|Any CPU.Build.0 = Release|Any CPU
		{54EBA759-A66B-4E55-96A2-686C77E3941C}.Debug|Any CPU.ActiveCfg = Debug|Any CPU
		{54EBA759-A66B-4E55-96A2-686C77E3941C}.Debug|Any CPU.Build.0 = Debug|Any CPU
		{54EBA759-A66B-4E55-96A2-686C77E3941C}.Release|Any CPU.ActiveCfg = Release|Any CPU
		{54EBA759-A66B-4E55-96A2-686C77E3941C}.Release|Any CPU.Build.0 = Release|Any CPU
	EndGlobalSection
	GlobalSection(SolutionProperties) = preSolution
		HideSolutionNode = FALSE
	EndGlobalSection
	GlobalSection(ExtensibilityGlobals) = postSolution
		SolutionGuid = {681B8FE4-2FC3-4534-A1D4-89A253EB305B}
	EndGlobalSection
EndGlobal
