
Microsoft Visual Studio Solution File, Format Version 12.00
# Visual Studio Version 17
VisualStudioVersion = 17.8.34004.107
MinimumVisualStudioVersion = 10.0.40219.1
Project("{9A19103F-16F7-4668-BE54-9A1E7A4F7556}") = "Day-00-HelloWorld", "Day-00-HelloWorld\Day-00-HelloWorld.csproj", "{29C68FD9-8EBC-4A9F-9E44-FC1A39109514}"
EndProject
Project("{9A19103F-16F7-4668-BE54-9A1E7A4F7556}") = "Day-01-DataTypes", "Day-01-DataTypes\Day-01-DataTypes.csproj", "{C77D1D2A-5192-4AED-87D7-362B7ABC6031}"
EndProject
Project("{9A19103F-16F7-4668-BE54-9A1E7A4F7556}") = "Day-02-Operators", "Day-02-Operators\Day-02-Operators.csproj", "{4F728829-8F3A-45D5-AB65-51F20A53D668}"
EndProject
Project("{9A19103F-16F7-4668-BE54-9A1E7A4F7556}") = "Day-03-ConditionalStatements", "Day-03-ConditionalStatements\Day-03-ConditionalStatements.csproj", "{A4B84CF0-C895-4421-9901-F191A9E04537}"
EndProject
Project("{9A19103F-16F7-4668-BE54-9A1E7A4F7556}") = "Day-04-ClassVersusInstance", "Day-04-ClassVersusInstance\Day-04-ClassVersusInstance.csproj", "{3A26A24F-4B2A-45DF-B748-251B7EE1DA47}"
EndProject
Project("{9A19103F-16F7-4668-BE54-9A1E7A4F7556}") = "Day-05-Loops", "Day-05-Loops\Day-05-Loops.csproj", "{54EBA759-A66B-4E55-96A2-686C77E3941C}"
EndProject
Project("{9A19103F-16F7-4668-BE54-9A1E7A4F7556}") = "Day-06-Review", "Day-06-Review\Day-06-Review.csproj", "{06E42F22-58E7-4FC6-98F1-1B900F0E1247}"
EndProject
Project("{9A19103F-16F7-4668-BE54-9A1E7A4F7556}") = "Day-07-Arrays", "Day-07-Arrays\Day-07-Arrays.csproj", "{9D5816C9-2315-4047-8661-5D741517B2E2}"
EndProject
Project("{9A19103F-16F7-4668-BE54-9A1E7A4F7556}") = "Day-08-DictionariesMaps", "Day-08-DictionariesMaps\Day-08-DictionariesMaps.csproj", "{1ABDD25E-74A9-43E4-94DC-5E6236C4109B}"
EndProject
Project("{9A19103F-16F7-4668-BE54-9A1E7A4F7556}") = "Day-09-Recursion", "Day-09-Recursion\Day-09-Recursion.csproj", "{290BE154-B7B6-4305-A99B-251E1CF42BC8}"
EndProject
Project("{9A19103F-16F7-4668-BE54-9A1E7A4F7556}") = "Day-10-BinaryNumbers", "Day-10-BinaryNumbers\Day-10-BinaryNumbers.csproj", "{8352C412-C122-48F5-BFA2-A68B43B3E08A}"
EndProject
Project("{9A19103F-16F7-4668-BE54-9A1E7A4F7556}") = "Day-11-TwoDimensionalArrays", "Day-11-TwoDimensionalArrays\Day-11-TwoDimensionalArrays.csproj", "{48E1F7E9-249D-4F69-8E68-96612EDE5B39}"
EndProject
Project("{9A19103F-16F7-4668-BE54-9A1E7A4F7556}") = "Day-12-Inheritance", "Day-12-Inheritance\Day-12-Inheritance.csproj", "{E8C0D83C-2D90-4795-84C5-84819821EE3A}"
EndProject
Project("{9A19103F-16F7-4668-BE54-9A1E7A4F7556}") = "Day-13-AbstractClasses", "Day-13-AbstractClasses\Day-13-AbstractClasses.csproj", "{84B3748D-911C-483E-BC79-9E42E71D5F61}"
EndProject
Project("{9A19103F-16F7-4668-BE54-9A1E7A4F7556}") = "Day-14-Scope", "Day-14-Scope\Day-14-Scope.csproj", "{AC503189-DEBF-48D3-AC84-B67CBC52A57F}"
EndProject
Project("{9A19103F-16F7-4668-BE54-9A1E7A4F7556}") = "Day-15-LinkedList", "Day-15-LinkedList\Day-15-LinkedList.csproj", "{AD79C7BE-0E5B-4833-AA85-D82C9D6365E5}"
EndProject
Project("{9A19103F-16F7-4668-BE54-9A1E7A4F7556}") = "Day-16-Exceptions", "Day-16-Exceptions\Day-16-Exceptions.csproj", "{FB862D22-A024-4EB2-9E6E-9C33A39E9928}"
EndProject
Project("{9A19103F-16F7-4668-BE54-9A1E7A4F7556}") = "Day-17-MoreExceptions", "Day-17-MoreExceptions\Day-17-MoreExceptions.csproj", "{F206A62C-FA09-4777-884F-EA6B45BA323E}"
EndProject
Project("{9A19103F-16F7-4668-BE54-9A1E7A4F7556}") = "Day-18-QueuesAndStacks", "Day-18-QueuesAndStacks\Day-18-QueuesAndStacks.csproj", "{5FA9C2B7-171F-4C92-961A-CC86B0591EE0}"
EndProject
Project("{9A19103F-16F7-4668-BE54-9A1E7A4F7556}") = "Day-19-Interfaces", "Day-19-Interfaces\Day-19-Interfaces.csproj", "{EE46661E-9E27-4F8C-A59D-DC8323095B45}"
EndProject
Project("{9A19103F-16F7-4668-BE54-9A1E7A4F7556}") = "Day-20-Sorting", "Day-20-Sorting\Day-20-Sorting.csproj", "{26D82468-88C3-48B2-B321-BAF65E9D263B}"
EndProject
Project("{9A19103F-16F7-4668-BE54-9A1E7A4F7556}") = "Day-21-Generics", "Day-21-Generics\Day-21-Generics.csproj", "{4C849639-DBA2-4914-9939-B0CF548E9E41}"
EndProject
Project("{FAE04EC0-301F-11D3-BF4B-00C04F79EFBC}") = "Day-22-BinarySearchTree", "Day-22-BinarySearchTree\Day-22-BinarySearchTree.csproj", "{7E25D9FE-238B-4378-AD22-BCA023BF59F6}"
EndProject
Project("{FAE04EC0-301F-11D3-BF4B-00C04F79EFBC}") = "Day-23-BSTLevelOrderTraversal", "Day-23-BSTLevelOrderTraversal\Day-23-BSTLevelOrderTraversal.csproj", "{DD381C38-0098-450B-9911-F576A5CFFDB7}"
EndProject
Project("{FAE04EC0-301F-11D3-BF4B-00C04F79EFBC}") = "Day-24-MoreLinkedList", "Day-24-MoreLinkedList\Day-24-MoreLinkedList.csproj", "{54FAF5E6-96C7-42BC-87AC-C28CB4C2A26F}"
EndProject
Project("{FAE04EC0-301F-11D3-BF4B-00C04F79EFBC}") = "Day-25-RunningTimeAndComplexity", "Day-25-RunningTimeAndComplexity\Day-25-RunningTimeAndComplexity.csproj", "{29AC7A74-9604-4C1F-AD72-06E2DD289487}"
EndProject
Project("{FAE04EC0-301F-11D3-BF4B-00C04F79EFBC}") = "Day-26-NestedLogic", "Day-26-NestedLogic\Day-26-NestedLogic.csproj", "{D65F8F5C-7A1E-44A4-B67A-D49BD197B4B3}"
EndProject
Global
	GlobalSection(SolutionConfigurationPlatforms) = preSolution
		Debug|Any CPU = Debug|Any CPU
		Release|Any CPU = Release|Any CPU
	EndGlobalSection
	GlobalSection(ProjectConfigurationPlatforms) = postSolution
		{29C68FD9-8EBC-4A9F-9E44-FC1A39109514}.Debug|Any CPU.ActiveCfg = Debug|Any CPU
		{29C68FD9-8EBC-4A9F-9E44-FC1A39109514}.Debug|Any CPU.Build.0 = Debug|Any CPU
		{29C68FD9-8EBC-4A9F-9E44-FC1A39109514}.Release|Any CPU.ActiveCfg = Release|Any CPU
		{29C68FD9-8EBC-4A9F-9E44-FC1A39109514}.Release|Any CPU.Build.0 = Release|Any CPU
		{C77D1D2A-5192-4AED-87D7-362B7ABC6031}.Debug|Any CPU.ActiveCfg = Debug|Any CPU
		{C77D1D2A-5192-4AED-87D7-362B7ABC6031}.Debug|Any CPU.Build.0 = Debug|Any CPU
		{C77D1D2A-5192-4AED-87D7-362B7ABC6031}.Release|Any CPU.ActiveCfg = Release|Any CPU
		{C77D1D2A-5192-4AED-87D7-362B7ABC6031}.Release|Any CPU.Build.0 = Release|Any CPU
		{4F728829-8F3A-45D5-AB65-51F20A53D668}.Debug|Any CPU.ActiveCfg = Debug|Any CPU
		{4F728829-8F3A-45D5-AB65-51F20A53D668}.Debug|Any CPU.Build.0 = Debug|Any CPU
		{4F728829-8F3A-45D5-AB65-51F20A53D668}.Release|Any CPU.ActiveCfg = Release|Any CPU
		{4F728829-8F3A-45D5-AB65-51F20A53D668}.Release|Any CPU.Build.0 = Release|Any CPU
		{A4B84CF0-C895-4421-9901-F191A9E04537}.Debug|Any CPU.ActiveCfg = Debug|Any CPU
		{A4B84CF0-C895-4421-9901-F191A9E04537}.Debug|Any CPU.Build.0 = Debug|Any CPU
		{A4B84CF0-C895-4421-9901-F191A9E04537}.Release|Any CPU.ActiveCfg = Release|Any CPU
		{A4B84CF0-C895-4421-9901-F191A9E04537}.Release|Any CPU.Build.0 = Release|Any CPU
		{3A26A24F-4B2A-45DF-B748-251B7EE1DA47}.Debug|Any CPU.ActiveCfg = Debug|Any CPU
		{3A26A24F-4B2A-45DF-B748-251B7EE1DA47}.Debug|Any CPU.Build.0 = Debug|Any CPU
		{3A26A24F-4B2A-45DF-B748-251B7EE1DA47}.Release|Any CPU.ActiveCfg = Release|Any CPU
		{3A26A24F-4B2A-45DF-B748-251B7EE1DA47}.Release|Any CPU.Build.0 = Release|Any CPU
		{54EBA759-A66B-4E55-96A2-686C77E3941C}.Debug|Any CPU.ActiveCfg = Debug|Any CPU
		{54EBA759-A66B-4E55-96A2-686C77E3941C}.Debug|Any CPU.Build.0 = Debug|Any CPU
		{54EBA759-A66B-4E55-96A2-686C77E3941C}.Release|Any CPU.ActiveCfg = Release|Any CPU
		{54EBA759-A66B-4E55-96A2-686C77E3941C}.Release|Any CPU.Build.0 = Release|Any CPU
		{06E42F22-58E7-4FC6-98F1-1B900F0E1247}.Debug|Any CPU.ActiveCfg = Debug|Any CPU
		{06E42F22-58E7-4FC6-98F1-1B900F0E1247}.Debug|Any CPU.Build.0 = Debug|Any CPU
		{06E42F22-58E7-4FC6-98F1-1B900F0E1247}.Release|Any CPU.ActiveCfg = Release|Any CPU
		{06E42F22-58E7-4FC6-98F1-1B900F0E1247}.Release|Any CPU.Build.0 = Release|Any CPU
		{9D5816C9-2315-4047-8661-5D741517B2E2}.Debug|Any CPU.ActiveCfg = Debug|Any CPU
		{9D5816C9-2315-4047-8661-5D741517B2E2}.Debug|Any CPU.Build.0 = Debug|Any CPU
		{9D5816C9-2315-4047-8661-5D741517B2E2}.Release|Any CPU.ActiveCfg = Release|Any CPU
		{9D5816C9-2315-4047-8661-5D741517B2E2}.Release|Any CPU.Build.0 = Release|Any CPU
		{1ABDD25E-74A9-43E4-94DC-5E6236C4109B}.Debug|Any CPU.ActiveCfg = Debug|Any CPU
		{1ABDD25E-74A9-43E4-94DC-5E6236C4109B}.Debug|Any CPU.Build.0 = Debug|Any CPU
		{1ABDD25E-74A9-43E4-94DC-5E6236C4109B}.Release|Any CPU.ActiveCfg = Release|Any CPU
		{1ABDD25E-74A9-43E4-94DC-5E6236C4109B}.Release|Any CPU.Build.0 = Release|Any CPU
		{290BE154-B7B6-4305-A99B-251E1CF42BC8}.Debug|Any CPU.ActiveCfg = Debug|Any CPU
		{290BE154-B7B6-4305-A99B-251E1CF42BC8}.Debug|Any CPU.Build.0 = Debug|Any CPU
		{290BE154-B7B6-4305-A99B-251E1CF42BC8}.Release|Any CPU.ActiveCfg = Release|Any CPU
		{290BE154-B7B6-4305-A99B-251E1CF42BC8}.Release|Any CPU.Build.0 = Release|Any CPU
		{8352C412-C122-48F5-BFA2-A68B43B3E08A}.Debug|Any CPU.ActiveCfg = Debug|Any CPU
		{8352C412-C122-48F5-BFA2-A68B43B3E08A}.Debug|Any CPU.Build.0 = Debug|Any CPU
		{8352C412-C122-48F5-BFA2-A68B43B3E08A}.Release|Any CPU.ActiveCfg = Release|Any CPU
		{8352C412-C122-48F5-BFA2-A68B43B3E08A}.Release|Any CPU.Build.0 = Release|Any CPU
		{48E1F7E9-249D-4F69-8E68-96612EDE5B39}.Debug|Any CPU.ActiveCfg = Debug|Any CPU
		{48E1F7E9-249D-4F69-8E68-96612EDE5B39}.Debug|Any CPU.Build.0 = Debug|Any CPU
		{48E1F7E9-249D-4F69-8E68-96612EDE5B39}.Release|Any CPU.ActiveCfg = Release|Any CPU
		{48E1F7E9-249D-4F69-8E68-96612EDE5B39}.Release|Any CPU.Build.0 = Release|Any CPU
		{E8C0D83C-2D90-4795-84C5-84819821EE3A}.Debug|Any CPU.ActiveCfg = Debug|Any CPU
		{E8C0D83C-2D90-4795-84C5-84819821EE3A}.Debug|Any CPU.Build.0 = Debug|Any CPU
		{E8C0D83C-2D90-4795-84C5-84819821EE3A}.Release|Any CPU.ActiveCfg = Release|Any CPU
		{E8C0D83C-2D90-4795-84C5-84819821EE3A}.Release|Any CPU.Build.0 = Release|Any CPU
		{84B3748D-911C-483E-BC79-9E42E71D5F61}.Debug|Any CPU.ActiveCfg = Debug|Any CPU
		{84B3748D-911C-483E-BC79-9E42E71D5F61}.Debug|Any CPU.Build.0 = Debug|Any CPU
		{84B3748D-911C-483E-BC79-9E42E71D5F61}.Release|Any CPU.ActiveCfg = Release|Any CPU
		{84B3748D-911C-483E-BC79-9E42E71D5F61}.Release|Any CPU.Build.0 = Release|Any CPU
		{AC503189-DEBF-48D3-AC84-B67CBC52A57F}.Debug|Any CPU.ActiveCfg = Debug|Any CPU
		{AC503189-DEBF-48D3-AC84-B67CBC52A57F}.Debug|Any CPU.Build.0 = Debug|Any CPU
		{AC503189-DEBF-48D3-AC84-B67CBC52A57F}.Release|Any CPU.ActiveCfg = Release|Any CPU
		{AC503189-DEBF-48D3-AC84-B67CBC52A57F}.Release|Any CPU.Build.0 = Release|Any CPU
		{AD79C7BE-0E5B-4833-AA85-D82C9D6365E5}.Debug|Any CPU.ActiveCfg = Debug|Any CPU
		{AD79C7BE-0E5B-4833-AA85-D82C9D6365E5}.Debug|Any CPU.Build.0 = Debug|Any CPU
		{AD79C7BE-0E5B-4833-AA85-D82C9D6365E5}.Release|Any CPU.ActiveCfg = Release|Any CPU
		{AD79C7BE-0E5B-4833-AA85-D82C9D6365E5}.Release|Any CPU.Build.0 = Release|Any CPU
		{FB862D22-A024-4EB2-9E6E-9C33A39E9928}.Debug|Any CPU.ActiveCfg = Debug|Any CPU
		{FB862D22-A024-4EB2-9E6E-9C33A39E9928}.Debug|Any CPU.Build.0 = Debug|Any CPU
		{FB862D22-A024-4EB2-9E6E-9C33A39E9928}.Release|Any CPU.ActiveCfg = Release|Any CPU
		{FB862D22-A024-4EB2-9E6E-9C33A39E9928}.Release|Any CPU.Build.0 = Release|Any CPU
		{F206A62C-FA09-4777-884F-EA6B45BA323E}.Debug|Any CPU.ActiveCfg = Debug|Any CPU
		{F206A62C-FA09-4777-884F-EA6B45BA323E}.Debug|Any CPU.Build.0 = Debug|Any CPU
		{F206A62C-FA09-4777-884F-EA6B45BA323E}.Release|Any CPU.ActiveCfg = Release|Any CPU
		{F206A62C-FA09-4777-884F-EA6B45BA323E}.Release|Any CPU.Build.0 = Release|Any CPU
		{5FA9C2B7-171F-4C92-961A-CC86B0591EE0}.Debug|Any CPU.ActiveCfg = Debug|Any CPU
		{5FA9C2B7-171F-4C92-961A-CC86B0591EE0}.Debug|Any CPU.Build.0 = Debug|Any CPU
		{5FA9C2B7-171F-4C92-961A-CC86B0591EE0}.Release|Any CPU.ActiveCfg = Release|Any CPU
		{5FA9C2B7-171F-4C92-961A-CC86B0591EE0}.Release|Any CPU.Build.0 = Release|Any CPU
		{EE46661E-9E27-4F8C-A59D-DC8323095B45}.Debug|Any CPU.ActiveCfg = Debug|Any CPU
		{EE46661E-9E27-4F8C-A59D-DC8323095B45}.Debug|Any CPU.Build.0 = Debug|Any CPU
		{EE46661E-9E27-4F8C-A59D-DC8323095B45}.Release|Any CPU.ActiveCfg = Release|Any CPU
		{EE46661E-9E27-4F8C-A59D-DC8323095B45}.Release|Any CPU.Build.0 = Release|Any CPU
		{26D82468-88C3-48B2-B321-BAF65E9D263B}.Debug|Any CPU.ActiveCfg = Debug|Any CPU
		{26D82468-88C3-48B2-B321-BAF65E9D263B}.Debug|Any CPU.Build.0 = Debug|Any CPU
		{26D82468-88C3-48B2-B321-BAF65E9D263B}.Release|Any CPU.ActiveCfg = Release|Any CPU
		{26D82468-88C3-48B2-B321-BAF65E9D263B}.Release|Any CPU.Build.0 = Release|Any CPU
		{4C849639-DBA2-4914-9939-B0CF548E9E41}.Debug|Any CPU.ActiveCfg = Debug|Any CPU
		{4C849639-DBA2-4914-9939-B0CF548E9E41}.Debug|Any CPU.Build.0 = Debug|Any CPU
		{4C849639-DBA2-4914-9939-B0CF548E9E41}.Release|Any CPU.ActiveCfg = Release|Any CPU
		{4C849639-DBA2-4914-9939-B0CF548E9E41}.Release|Any CPU.Build.0 = Release|Any CPU
		{7E25D9FE-238B-4378-AD22-BCA023BF59F6}.Debug|Any CPU.ActiveCfg = Debug|Any CPU
		{7E25D9FE-238B-4378-AD22-BCA023BF59F6}.Debug|Any CPU.Build.0 = Debug|Any CPU
		{7E25D9FE-238B-4378-AD22-BCA023BF59F6}.Release|Any CPU.ActiveCfg = Release|Any CPU
		{7E25D9FE-238B-4378-AD22-BCA023BF59F6}.Release|Any CPU.Build.0 = Release|Any CPU
		{DD381C38-0098-450B-9911-F576A5CFFDB7}.Debug|Any CPU.ActiveCfg = Debug|Any CPU
		{DD381C38-0098-450B-9911-F576A5CFFDB7}.Debug|Any CPU.Build.0 = Debug|Any CPU
		{DD381C38-0098-450B-9911-F576A5CFFDB7}.Release|Any CPU.ActiveCfg = Release|Any CPU
		{DD381C38-0098-450B-9911-F576A5CFFDB7}.Release|Any CPU.Build.0 = Release|Any CPU
		{54FAF5E6-96C7-42BC-87AC-C28CB4C2A26F}.Debug|Any CPU.ActiveCfg = Debug|Any CPU
		{54FAF5E6-96C7-42BC-87AC-C28CB4C2A26F}.Debug|Any CPU.Build.0 = Debug|Any CPU
		{54FAF5E6-96C7-42BC-87AC-C28CB4C2A26F}.Release|Any CPU.ActiveCfg = Release|Any CPU
		{54FAF5E6-96C7-42BC-87AC-C28CB4C2A26F}.Release|Any CPU.Build.0 = Release|Any CPU
		{29AC7A74-9604-4C1F-AD72-06E2DD289487}.Debug|Any CPU.ActiveCfg = Debug|Any CPU
		{29AC7A74-9604-4C1F-AD72-06E2DD289487}.Debug|Any CPU.Build.0 = Debug|Any CPU
		{29AC7A74-9604-4C1F-AD72-06E2DD289487}.Release|Any CPU.ActiveCfg = Release|Any CPU
		{29AC7A74-9604-4C1F-AD72-06E2DD289487}.Release|Any CPU.Build.0 = Release|Any CPU
		{D65F8F5C-7A1E-44A4-B67A-D49BD197B4B3}.Debug|Any CPU.ActiveCfg = Debug|Any CPU
		{D65F8F5C-7A1E-44A4-B67A-D49BD197B4B3}.Debug|Any CPU.Build.0 = Debug|Any CPU
		{D65F8F5C-7A1E-44A4-B67A-D49BD197B4B3}.Release|Any CPU.ActiveCfg = Release|Any CPU
		{D65F8F5C-7A1E-44A4-B67A-D49BD197B4B3}.Release|Any CPU.Build.0 = Release|Any CPU
	EndGlobalSection
	GlobalSection(SolutionProperties) = preSolution
		HideSolutionNode = FALSE
	EndGlobalSection
	GlobalSection(ExtensibilityGlobals) = postSolution
		SolutionGuid = {681B8FE4-2FC3-4534-A1D4-89A253EB305B}
	EndGlobalSection
EndGlobal
